
Microsoft Visual Studio Solution File, Format Version 12.00
# Visual Studio Version 17
VisualStudioVersion = 17.8.34322.80
MinimumVisualStudioVersion = 10.0.40219.1
Project("{FAE04EC0-301F-11D3-BF4B-00C04F79EFBC}") = "Warehouse.Api", "Warehouse\Warehouse.Api.csproj", "{BC8F9E73-A3D3-48EA-9139-3B3DF9D3BA9D}"
EndProject
Project("{FAE04EC0-301F-11D3-BF4B-00C04F79EFBC}") = "Warehouse.Infrastructure", "Warehouse.Infrastructure\Warehouse.Infrastructure.csproj", "{84DC599B-5F3F-46E6-9DD6-4A7915065480}"
EndProject
Global
	GlobalSection(SolutionConfigurationPlatforms) = preSolution
		Debug|Any CPU = Debug|Any CPU
		Release|Any CPU = Release|Any CPU
	EndGlobalSection
	GlobalSection(ProjectConfigurationPlatforms) = postSolution
		{BC8F9E73-A3D3-48EA-9139-3B3DF9D3BA9D}.Debug|Any CPU.ActiveCfg = Debug|Any CPU
		{BC8F9E73-A3D3-48EA-9139-3B3DF9D3BA9D}.Debug|Any CPU.Build.0 = Debug|Any CPU
		{BC8F9E73-A3D3-48EA-9139-3B3DF9D3BA9D}.Release|Any CPU.ActiveCfg = Release|Any CPU
		{BC8F9E73-A3D3-48EA-9139-3B3DF9D3BA9D}.Release|Any CPU.Build.0 = Release|Any CPU
		{84DC599B-5F3F-46E6-9DD6-4A7915065480}.Debug|Any CPU.ActiveCfg = Debug|Any CPU
		{84DC599B-5F3F-46E6-9DD6-4A7915065480}.Debug|Any CPU.Build.0 = Debug|Any CPU
		{84DC599B-5F3F-46E6-9DD6-4A7915065480}.Release|Any CPU.ActiveCfg = Release|Any CPU
		{84DC599B-5F3F-46E6-9DD6-4A7915065480}.Release|Any CPU.Build.0 = Release|Any CPU
	EndGlobalSection
	GlobalSection(SolutionProperties) = preSolution
		HideSolutionNode = FALSE
	EndGlobalSection
	GlobalSection(ExtensibilityGlobals) = postSolution
		SolutionGuid = {4B7975AB-5597-4612-96ED-398113A22044}
	EndGlobalSection
EndGlobal
